
Microsoft Visual Studio Solution File, Format Version 12.00
# Visual Studio Version 16
VisualStudioVersion = 16.0.32802.440
MinimumVisualStudioVersion = 10.0.40219.1
Project("{FAE04EC0-301F-11D3-BF4B-00C04F79EFBC}") = "pryBazanEditoria", "pryBazanEditoria.csproj", "{37198C38-2D1F-4C7B-8AA2-80EE46553D0C}"
EndProject
Global
	GlobalSection(SolutionConfigurationPlatforms) = preSolution
		Debug|Any CPU = Debug|Any CPU
		Release|Any CPU = Release|Any CPU
	EndGlobalSection
	GlobalSection(ProjectConfigurationPlatforms) = postSolution
		{37198C38-2D1F-4C7B-8AA2-80EE46553D0C}.Debug|Any CPU.ActiveCfg = Debug|Any CPU
		{37198C38-2D1F-4C7B-8AA2-80EE46553D0C}.Debug|Any CPU.Build.0 = Debug|Any CPU
		{37198C38-2D1F-4C7B-8AA2-80EE46553D0C}.Release|Any CPU.ActiveCfg = Release|Any CPU
		{37198C38-2D1F-4C7B-8AA2-80EE46553D0C}.Release|Any CPU.Build.0 = Release|Any CPU
	EndGlobalSection
	GlobalSection(SolutionProperties) = preSolution
		HideSolutionNode = FALSE
	EndGlobalSection
	GlobalSection(ExtensibilityGlobals) = postSolution
		SolutionGuid = {AC308E24-9322-47C0-A8BC-58F1632907B2}
	EndGlobalSection
EndGlobal
